
Microsoft Visual Studio Solution File, Format Version 12.00
# Visual Studio Version 17
VisualStudioVersion = 17.4.33205.214
MinimumVisualStudioVersion = 10.0.40219.1
Project("{9A19103F-16F7-4668-BE54-9A1E7A4F7556}") = "Water_Meter", "Water_Meter\Water_Meter.csproj", "{9D0D877E-8F89-49D5-B4E5-48AFDCB3BD5D}"
EndProject
Project("{9A19103F-16F7-4668-BE54-9A1E7A4F7556}") = "Water_Meter_API", "Water_Meter_API\Water_Meter_API.csproj", "{ED63DBB6-4878-43F6-A677-E20CEACC7C47}"
EndProject
Project("{9A19103F-16F7-4668-BE54-9A1E7A4F7556}") = "Water_Meter_Model", "Water_Meter_Model\Water_Meter_Model.csproj", "{61E5F751-EC9C-44AE-9952-D4C8ECB40023}"
EndProject
Project("{9A19103F-16F7-4668-BE54-9A1E7A4F7556}") = "Water_Meter_Service", "Water_Meter_Service\Water_Meter_Service.csproj", "{6C9610EB-0CDA-4E6D-901B-9ECFED71973B}"
EndProject
Project("{FAE04EC0-301F-11D3-BF4B-00C04F79EFBC}") = "Water_Meter2", "Water_Meter2\Water_Meter2.csproj", "{686FD83B-8148-452F-8870-798527503222}"
EndProject
Global
	GlobalSection(SolutionConfigurationPlatforms) = preSolution
		Debug|Any CPU = Debug|Any CPU
		Release|Any CPU = Release|Any CPU
	EndGlobalSection
	GlobalSection(ProjectConfigurationPlatforms) = postSolution
		{9D0D877E-8F89-49D5-B4E5-48AFDCB3BD5D}.Debug|Any CPU.ActiveCfg = Debug|Any CPU
		{9D0D877E-8F89-49D5-B4E5-48AFDCB3BD5D}.Debug|Any CPU.Build.0 = Debug|Any CPU
		{9D0D877E-8F89-49D5-B4E5-48AFDCB3BD5D}.Release|Any CPU.ActiveCfg = Release|Any CPU
		{9D0D877E-8F89-49D5-B4E5-48AFDCB3BD5D}.Release|Any CPU.Build.0 = Release|Any CPU
		{ED63DBB6-4878-43F6-A677-E20CEACC7C47}.Debug|Any CPU.ActiveCfg = Debug|Any CPU
		{ED63DBB6-4878-43F6-A677-E20CEACC7C47}.Debug|Any CPU.Build.0 = Debug|Any CPU
		{ED63DBB6-4878-43F6-A677-E20CEACC7C47}.Release|Any CPU.ActiveCfg = Release|Any CPU
		{ED63DBB6-4878-43F6-A677-E20CEACC7C47}.Release|Any CPU.Build.0 = Release|Any CPU
		{61E5F751-EC9C-44AE-9952-D4C8ECB40023}.Debug|Any CPU.ActiveCfg = Debug|Any CPU
		{61E5F751-EC9C-44AE-9952-D4C8ECB40023}.Debug|Any CPU.Build.0 = Debug|Any CPU
		{61E5F751-EC9C-44AE-9952-D4C8ECB40023}.Release|Any CPU.ActiveCfg = Release|Any CPU
		{61E5F751-EC9C-44AE-9952-D4C8ECB40023}.Release|Any CPU.Build.0 = Release|Any CPU
		{6C9610EB-0CDA-4E6D-901B-9ECFED71973B}.Debug|Any CPU.ActiveCfg = Debug|Any CPU
		{6C9610EB-0CDA-4E6D-901B-9ECFED71973B}.Debug|Any CPU.Build.0 = Debug|Any CPU
		{6C9610EB-0CDA-4E6D-901B-9ECFED71973B}.Release|Any CPU.ActiveCfg = Release|Any CPU
		{6C9610EB-0CDA-4E6D-901B-9ECFED71973B}.Release|Any CPU.Build.0 = Release|Any CPU
		{686FD83B-8148-452F-8870-798527503222}.Debug|Any CPU.ActiveCfg = Debug|Any CPU
		{686FD83B-8148-452F-8870-798527503222}.Debug|Any CPU.Build.0 = Debug|Any CPU
		{686FD83B-8148-452F-8870-798527503222}.Release|Any CPU.ActiveCfg = Release|Any CPU
		{686FD83B-8148-452F-8870-798527503222}.Release|Any CPU.Build.0 = Release|Any CPU
	EndGlobalSection
	GlobalSection(SolutionProperties) = preSolution
		HideSolutionNode = FALSE
	EndGlobalSection
	GlobalSection(ExtensibilityGlobals) = postSolution
		SolutionGuid = {3ED26627-B1C3-48FA-A316-40334EAC4550}
	EndGlobalSection
EndGlobal
